// !$*UTF8*$!
{
	archiveVersion = 1;
	classes = {
	};
	objectVersion = 56;
	objects = {

/* Begin PBXBuildFile section */
		C093772E2BAB4FDE00DD53FB /* AppDelegate.swift in Sources */ = {isa = PBXBuildFile; fileRef = C093772D2BAB4FDE00DD53FB /* AppDelegate.swift */; };
		C09377302BAB4FDE00DD53FB /* SceneDelegate.swift in Sources */ = {isa = PBXBuildFile; fileRef = C093772F2BAB4FDE00DD53FB /* SceneDelegate.swift */; };
		C09377322BAB4FDE00DD53FB /* ViewController.swift in Sources */ = {isa = PBXBuildFile; fileRef = C09377312BAB4FDE00DD53FB /* ViewController.swift */; };
		C09377352BAB4FDE00DD53FB /* Base in Resources */ = {isa = PBXBuildFile; fileRef = C09377342BAB4FDE00DD53FB /* Base */; };
		C09377372BAB4FDF00DD53FB /* Assets.xcassets in Resources */ = {isa = PBXBuildFile; fileRef = C09377362BAB4FDF00DD53FB /* Assets.xcassets */; };
		C093773A2BAB4FDF00DD53FB /* Base in Resources */ = {isa = PBXBuildFile; fileRef = C09377392BAB4FDF00DD53FB /* Base */; };
		C09377452BAB4FDF00DD53FB /* ChatTests.swift in Sources */ = {isa = PBXBuildFile; fileRef = C09377442BAB4FDF00DD53FB /* ChatTests.swift */; };
		C093774F2BAB4FDF00DD53FB /* ChatUITests.swift in Sources */ = {isa = PBXBuildFile; fileRef = C093774E2BAB4FDF00DD53FB /* ChatUITests.swift */; };
		C09377512BAB4FDF00DD53FB /* ChatUITestsLaunchTests.swift in Sources */ = {isa = PBXBuildFile; fileRef = C09377502BAB4FDF00DD53FB /* ChatUITestsLaunchTests.swift */; };
/* End PBXBuildFile section */

/* Begin PBXContainerItemProxy section */
		C09377412BAB4FDF00DD53FB /* PBXContainerItemProxy */ = {
			isa = PBXContainerItemProxy;
			containerPortal = C09377222BAB4FDE00DD53FB /* Project object */;
			proxyType = 1;
			remoteGlobalIDString = C09377292BAB4FDE00DD53FB;
			remoteInfo = Chat;
		};
		C093774B2BAB4FDF00DD53FB /* PBXContainerItemProxy */ = {
			isa = PBXContainerItemProxy;
			containerPortal = C09377222BAB4FDE00DD53FB /* Project object */;
			proxyType = 1;
			remoteGlobalIDString = C09377292BAB4FDE00DD53FB;
			remoteInfo = Chat;
		};
/* End PBXContainerItemProxy section */

/* Begin PBXFileReference section */
		C093772A2BAB4FDE00DD53FB /* Chat.app */ = {isa = PBXFileReference; explicitFileType = wrapper.application; includeInIndex = 0; path = Chat.app; sourceTree = BUILT_PRODUCTS_DIR; };
		C093772D2BAB4FDE00DD53FB /* AppDelegate.swift */ = {isa = PBXFileReference; lastKnownFileType = sourcecode.swift; path = AppDelegate.swift; sourceTree = "<group>"; };
		C093772F2BAB4FDE00DD53FB /* SceneDelegate.swift */ = {isa = PBXFileReference; lastKnownFileType = sourcecode.swift; path = SceneDelegate.swift; sourceTree = "<group>"; };
		C09377312BAB4FDE00DD53FB /* ViewController.swift */ = {isa = PBXFileReference; lastKnownFileType = sourcecode.swift; path = ViewController.swift; sourceTree = "<group>"; };
		C09377342BAB4FDE00DD53FB /* Base */ = {isa = PBXFileReference; lastKnownFileType = file.storyboard; name = Base; path = Base.lproj/Main.storyboard; sourceTree = "<group>"; };
		C09377362BAB4FDF00DD53FB /* Assets.xcassets */ = {isa = PBXFileReference; lastKnownFileType = folder.assetcatalog; path = Assets.xcassets; sourceTree = "<group>"; };
		C09377392BAB4FDF00DD53FB /* Base */ = {isa = PBXFileReference; lastKnownFileType = file.storyboard; name = Base; path = Base.lproj/LaunchScreen.storyboard; sourceTree = "<group>"; };
		C093773B2BAB4FDF00DD53FB /* Info.plist */ = {isa = PBXFileReference; lastKnownFileType = text.plist.xml; path = Info.plist; sourceTree = "<group>"; };
		C09377402BAB4FDF00DD53FB /* ChatTests.xctest */ = {isa = PBXFileReference; explicitFileType = wrapper.cfbundle; includeInIndex = 0; path = ChatTests.xctest; sourceTree = BUILT_PRODUCTS_DIR; };
		C09377442BAB4FDF00DD53FB /* ChatTests.swift */ = {isa = PBXFileReference; lastKnownFileType = sourcecode.swift; path = ChatTests.swift; sourceTree = "<group>"; };
		C093774A2BAB4FDF00DD53FB /* ChatUITests.xctest */ = {isa = PBXFileReference; explicitFileType = wrapper.cfbundle; includeInIndex = 0; path = ChatUITests.xctest; sourceTree = BUILT_PRODUCTS_DIR; };
		C093774E2BAB4FDF00DD53FB /* ChatUITests.swift */ = {isa = PBXFileReference; lastKnownFileType = sourcecode.swift; path = ChatUITests.swift; sourceTree = "<group>"; };
		C09377502BAB4FDF00DD53FB /* ChatUITestsLaunchTests.swift */ = {isa = PBXFileReference; lastKnownFileType = sourcecode.swift; path = ChatUITestsLaunchTests.swift; sourceTree = "<group>"; };
/* End PBXFileReference section */

/* Begin PBXFrameworksBuildPhase section */
		C09377272BAB4FDE00DD53FB /* Frameworks */ = {
			isa = PBXFrameworksBuildPhase;
			buildActionMask = 2147483647;
			files = (
			);
			runOnlyForDeploymentPostprocessing = 0;
		};
		C093773D2BAB4FDF00DD53FB /* Frameworks */ = {
			isa = PBXFrameworksBuildPhase;
			buildActionMask = 2147483647;
			files = (
			);
			runOnlyForDeploymentPostprocessing = 0;
		};
		C09377472BAB4FDF00DD53FB /* Frameworks */ = {
			isa = PBXFrameworksBuildPhase;
			buildActionMask = 2147483647;
			files = (
			);
			runOnlyForDeploymentPostprocessing = 0;
		};
/* End PBXFrameworksBuildPhase section */

/* Begin PBXGroup section */
		C09377212BAB4FDE00DD53FB = {
			isa = PBXGroup;
			children = (
				C093772C2BAB4FDE00DD53FB /* Chat */,
				C09377432BAB4FDF00DD53FB /* ChatTests */,
				C093774D2BAB4FDF00DD53FB /* ChatUITests */,
				C093772B2BAB4FDE00DD53FB /* Products */,
			);
			sourceTree = "<group>";
		};
		C093772B2BAB4FDE00DD53FB /* Products */ = {
			isa = PBXGroup;
			children = (
				C093772A2BAB4FDE00DD53FB /* Chat.app */,
				C09377402BAB4FDF00DD53FB /* ChatTests.xctest */,
				C093774A2BAB4FDF00DD53FB /* ChatUITests.xctest */,
			);
			name = Products;
			sourceTree = "<group>";
		};
		C093772C2BAB4FDE00DD53FB /* Chat */ = {
			isa = PBXGroup;
			children = (
				C093772D2BAB4FDE00DD53FB /* AppDelegate.swift */,
				C093772F2BAB4FDE00DD53FB /* SceneDelegate.swift */,
				C09377312BAB4FDE00DD53FB /* ViewController.swift */,
				C09377332BAB4FDE00DD53FB /* Main.storyboard */,
				C09377362BAB4FDF00DD53FB /* Assets.xcassets */,
				C09377382BAB4FDF00DD53FB /* LaunchScreen.storyboard */,
				C093773B2BAB4FDF00DD53FB /* Info.plist */,
			);
			path = Chat;
			sourceTree = "<group>";
		};
		C09377432BAB4FDF00DD53FB /* ChatTests */ = {
			isa = PBXGroup;
			children = (
				C09377442BAB4FDF00DD53FB /* ChatTests.swift */,
			);
			path = ChatTests;
			sourceTree = "<group>";
		};
		C093774D2BAB4FDF00DD53FB /* ChatUITests */ = {
			isa = PBXGroup;
			children = (
				C093774E2BAB4FDF00DD53FB /* ChatUITests.swift */,
				C09377502BAB4FDF00DD53FB /* ChatUITestsLaunchTests.swift */,
			);
			path = ChatUITests;
			sourceTree = "<group>";
		};
/* End PBXGroup section */

/* Begin PBXNativeTarget section */
		C09377292BAB4FDE00DD53FB /* Chat */ = {
			isa = PBXNativeTarget;
			buildConfigurationList = C09377542BAB4FDF00DD53FB /* Build configuration list for PBXNativeTarget "Chat" */;
			buildPhases = (
				C09377262BAB4FDE00DD53FB /* Sources */,
				C09377272BAB4FDE00DD53FB /* Frameworks */,
				C09377282BAB4FDE00DD53FB /* Resources */,
			);
			buildRules = (
			);
			dependencies = (
			);
			name = Chat;
			productName = Chat;
			productReference = C093772A2BAB4FDE00DD53FB /* Chat.app */;
			productType = "com.apple.product-type.application";
		};
		C093773F2BAB4FDF00DD53FB /* ChatTests */ = {
			isa = PBXNativeTarget;
			buildConfigurationList = C09377572BAB4FDF00DD53FB /* Build configuration list for PBXNativeTarget "ChatTests" */;
			buildPhases = (
				C093773C2BAB4FDF00DD53FB /* Sources */,
				C093773D2BAB4FDF00DD53FB /* Frameworks */,
				C093773E2BAB4FDF00DD53FB /* Resources */,
			);
			buildRules = (
			);
			dependencies = (
				C09377422BAB4FDF00DD53FB /* PBXTargetDependency */,
			);
			name = ChatTests;
			productName = ChatTests;
			productReference = C09377402BAB4FDF00DD53FB /* ChatTests.xctest */;
			productType = "com.apple.product-type.bundle.unit-test";
		};
		C09377492BAB4FDF00DD53FB /* ChatUITests */ = {
			isa = PBXNativeTarget;
			buildConfigurationList = C093775A2BAB4FDF00DD53FB /* Build configuration list for PBXNativeTarget "ChatUITests" */;
			buildPhases = (
				C09377462BAB4FDF00DD53FB /* Sources */,
				C09377472BAB4FDF00DD53FB /* Frameworks */,
				C09377482BAB4FDF00DD53FB /* Resources */,
			);
			buildRules = (
			);
			dependencies = (
				C093774C2BAB4FDF00DD53FB /* PBXTargetDependency */,
			);
			name = ChatUITests;
			productName = ChatUITests;
			productReference = C093774A2BAB4FDF00DD53FB /* ChatUITests.xctest */;
			productType = "com.apple.product-type.bundle.ui-testing";
		};
/* End PBXNativeTarget section */

/* Begin PBXProject section */
		C09377222BAB4FDE00DD53FB /* Project object */ = {
			isa = PBXProject;
			attributes = {
				BuildIndependentTargetsInParallel = 1;
				LastSwiftUpdateCheck = 1530;
				LastUpgradeCheck = 1530;
				TargetAttributes = {
					C09377292BAB4FDE00DD53FB = {
						CreatedOnToolsVersion = 15.3;
					};
					C093773F2BAB4FDF00DD53FB = {
						CreatedOnToolsVersion = 15.3;
						TestTargetID = C09377292BAB4FDE00DD53FB;
					};
					C09377492BAB4FDF00DD53FB = {
						CreatedOnToolsVersion = 15.3;
						TestTargetID = C09377292BAB4FDE00DD53FB;
					};
				};
			};
			buildConfigurationList = C09377252BAB4FDE00DD53FB /* Build configuration list for PBXProject "Chat" */;
			compatibilityVersion = "Xcode 14.0";
			developmentRegion = en;
			hasScannedForEncodings = 0;
			knownRegions = (
				en,
				Base,
			);
			mainGroup = C09377212BAB4FDE00DD53FB;
			productRefGroup = C093772B2BAB4FDE00DD53FB /* Products */;
			projectDirPath = "";
			projectRoot = "";
			targets = (
				C09377292BAB4FDE00DD53FB /* Chat */,
				C093773F2BAB4FDF00DD53FB /* ChatTests */,
				C09377492BAB4FDF00DD53FB /* ChatUITests */,
			);
		};
/* End PBXProject section */

/* Begin PBXResourcesBuildPhase section */
		C09377282BAB4FDE00DD53FB /* Resources */ = {
			isa = PBXResourcesBuildPhase;
			buildActionMask = 2147483647;
			files = (
				C09377372BAB4FDF00DD53FB /* Assets.xcassets in Resources */,
				C093773A2BAB4FDF00DD53FB /* Base in Resources */,
				C09377352BAB4FDE00DD53FB /* Base in Resources */,
			);
			runOnlyForDeploymentPostprocessing = 0;
		};
		C093773E2BAB4FDF00DD53FB /* Resources */ = {
			isa = PBXResourcesBuildPhase;
			buildActionMask = 2147483647;
			files = (
			);
			runOnlyForDeploymentPostprocessing = 0;
		};
		C09377482BAB4FDF00DD53FB /* Resources */ = {
			isa = PBXResourcesBuildPhase;
			buildActionMask = 2147483647;
			files = (
			);
			runOnlyForDeploymentPostprocessing = 0;
		};
/* End PBXResourcesBuildPhase section */

/* Begin PBXSourcesBuildPhase section */
		C09377262BAB4FDE00DD53FB /* Sources */ = {
			isa = PBXSourcesBuildPhase;
			buildActionMask = 2147483647;
			files = (
				C09377322BAB4FDE00DD53FB /* ViewController.swift in Sources */,
				C093772E2BAB4FDE00DD53FB /* AppDelegate.swift in Sources */,
				C09377302BAB4FDE00DD53FB /* SceneDelegate.swift in Sources */,
			);
			runOnlyForDeploymentPostprocessing = 0;
		};
		C093773C2BAB4FDF00DD53FB /* Sources */ = {
			isa = PBXSourcesBuildPhase;
			buildActionMask = 2147483647;
			files = (
				C09377452BAB4FDF00DD53FB /* ChatTests.swift in Sources */,
			);
			runOnlyForDeploymentPostprocessing = 0;
		};
		C09377462BAB4FDF00DD53FB /* Sources */ = {
			isa = PBXSourcesBuildPhase;
			buildActionMask = 2147483647;
			files = (
				C09377512BAB4FDF00DD53FB /* ChatUITestsLaunchTests.swift in Sources */,
				C093774F2BAB4FDF00DD53FB /* ChatUITests.swift in Sources */,
			);
			runOnlyForDeploymentPostprocessing = 0;
		};
/* End PBXSourcesBuildPhase section */

/* Begin PBXTargetDependency section */
		C09377422BAB4FDF00DD53FB /* PBXTargetDependency */ = {
			isa = PBXTargetDependency;
			target = C09377292BAB4FDE00DD53FB /* Chat */;
			targetProxy = C09377412BAB4FDF00DD53FB /* PBXContainerItemProxy */;
		};
		C093774C2BAB4FDF00DD53FB /* PBXTargetDependency */ = {
			isa = PBXTargetDependency;
			target = C09377292BAB4FDE00DD53FB /* Chat */;
			targetProxy = C093774B2BAB4FDF00DD53FB /* PBXContainerItemProxy */;
		};
/* End PBXTargetDependency section */

/* Begin PBXVariantGroup section */
		C09377332BAB4FDE00DD53FB /* Main.storyboard */ = {
			isa = PBXVariantGroup;
			children = (
				C09377342BAB4FDE00DD53FB /* Base */,
			);
			name = Main.storyboard;
			sourceTree = "<group>";
		};
		C09377382BAB4FDF00DD53FB /* LaunchScreen.storyboard */ = {
			isa = PBXVariantGroup;
			children = (
				C09377392BAB4FDF00DD53FB /* Base */,
			);
			name = LaunchScreen.storyboard;
			sourceTree = "<group>";
		};
/* End PBXVariantGroup section */

/* Begin XCBuildConfiguration section */
		C09377522BAB4FDF00DD53FB /* Debug */ = {
			isa = XCBuildConfiguration;
			buildSettings = {
				ALWAYS_SEARCH_USER_PATHS = NO;
				ASSETCATALOG_COMPILER_GENERATE_SWIFT_ASSET_SYMBOL_EXTENSIONS = YES;
				CLANG_ANALYZER_NONNULL = YES;
				CLANG_ANALYZER_NUMBER_OBJECT_CONVERSION = YES_AGGRESSIVE;
				CLANG_CXX_LANGUAGE_STANDARD = "gnu++20";
				CLANG_ENABLE_MODULES = YES;
				CLANG_ENABLE_OBJC_ARC = YES;
				CLANG_ENABLE_OBJC_WEAK = YES;
				CLANG_WARN_BLOCK_CAPTURE_AUTORELEASING = YES;
				CLANG_WARN_BOOL_CONVERSION = YES;
				CLANG_WARN_COMMA = YES;
				CLANG_WARN_CONSTANT_CONVERSION = YES;
				CLANG_WARN_DEPRECATED_OBJC_IMPLEMENTATIONS = YES;
				CLANG_WARN_DIRECT_OBJC_ISA_USAGE = YES_ERROR;
				CLANG_WARN_DOCUMENTATION_COMMENTS = YES;
				CLANG_WARN_EMPTY_BODY = YES;
				CLANG_WARN_ENUM_CONVERSION = YES;
				CLANG_WARN_INFINITE_RECURSION = YES;
				CLANG_WARN_INT_CONVERSION = YES;
				CLANG_WARN_NON_LITERAL_NULL_CONVERSION = YES;
				CLANG_WARN_OBJC_IMPLICIT_RETAIN_SELF = YES;
				CLANG_WARN_OBJC_LITERAL_CONVERSION = YES;
				CLANG_WARN_OBJC_ROOT_CLASS = YES_ERROR;
				CLANG_WARN_QUOTED_INCLUDE_IN_FRAMEWORK_HEADER = YES;
				CLANG_WARN_RANGE_LOOP_ANALYSIS = YES;
				CLANG_WARN_STRICT_PROTOTYPES = YES;
				CLANG_WARN_SUSPICIOUS_MOVE = YES;
				CLANG_WARN_UNGUARDED_AVAILABILITY = YES_AGGRESSIVE;
				CLANG_WARN_UNREACHABLE_CODE = YES;
				CLANG_WARN__DUPLICATE_METHOD_MATCH = YES;
				COPY_PHASE_STRIP = NO;
				DEBUG_INFORMATION_FORMAT = dwarf;
				ENABLE_STRICT_OBJC_MSGSEND = YES;
				ENABLE_TESTABILITY = YES;
				ENABLE_USER_SCRIPT_SANDBOXING = YES;
				GCC_C_LANGUAGE_STANDARD = gnu17;
				GCC_DYNAMIC_NO_PIC = NO;
				GCC_NO_COMMON_BLOCKS = YES;
				GCC_OPTIMIZATION_LEVEL = 0;
				GCC_PREPROCESSOR_DEFINITIONS = (
					"DEBUG=1",
					"$(inherited)",
				);
				GCC_WARN_64_TO_32_BIT_CONVERSION = YES;
				GCC_WARN_ABOUT_RETURN_TYPE = YES_ERROR;
				GCC_WARN_UNDECLARED_SELECTOR = YES;
				GCC_WARN_UNINITIALIZED_AUTOS = YES_AGGRESSIVE;
				GCC_WARN_UNUSED_FUNCTION = YES;
				GCC_WARN_UNUSED_VARIABLE = YES;
				IPHONEOS_DEPLOYMENT_TARGET = 17.4;
				LOCALIZATION_PREFERS_STRING_CATALOGS = YES;
				MTL_ENABLE_DEBUG_INFO = INCLUDE_SOURCE;
				MTL_FAST_MATH = YES;
				ONLY_ACTIVE_ARCH = YES;
				SDKROOT = iphoneos;
				SWIFT_ACTIVE_COMPILATION_CONDITIONS = "DEBUG $(inherited)";
				SWIFT_OPTIMIZATION_LEVEL = "-Onone";
			};
			name = Debug;
		};
		C09377532BAB4FDF00DD53FB /* Release */ = {
			isa = XCBuildConfiguration;
			buildSettings = {
				ALWAYS_SEARCH_USER_PATHS = NO;
				ASSETCATALOG_COMPILER_GENERATE_SWIFT_ASSET_SYMBOL_EXTENSIONS = YES;
				CLANG_ANALYZER_NONNULL = YES;
				CLANG_ANALYZER_NUMBER_OBJECT_CONVERSION = YES_AGGRESSIVE;
				CLANG_CXX_LANGUAGE_STANDARD = "gnu++20";
				CLANG_ENABLE_MODULES = YES;
				CLANG_ENABLE_OBJC_ARC = YES;
				CLANG_ENABLE_OBJC_WEAK = YES;
				CLANG_WARN_BLOCK_CAPTURE_AUTORELEASING = YES;
				CLANG_WARN_BOOL_CONVERSION = YES;
				CLANG_WARN_COMMA = YES;
				CLANG_WARN_CONSTANT_CONVERSION = YES;
				CLANG_WARN_DEPRECATED_OBJC_IMPLEMENTATIONS = YES;
				CLANG_WARN_DIRECT_OBJC_ISA_USAGE = YES_ERROR;
				CLANG_WARN_DOCUMENTATION_COMMENTS = YES;
				CLANG_WARN_EMPTY_BODY = YES;
				CLANG_WARN_ENUM_CONVERSION = YES;
				CLANG_WARN_INFINITE_RECURSION = YES;
				CLANG_WARN_INT_CONVERSION = YES;
				CLANG_WARN_NON_LITERAL_NULL_CONVERSION = YES;
				CLANG_WARN_OBJC_IMPLICIT_RETAIN_SELF = YES;
				CLANG_WARN_OBJC_LITERAL_CONVERSION = YES;
				CLANG_WARN_OBJC_ROOT_CLASS = YES_ERROR;
				CLANG_WARN_QUOTED_INCLUDE_IN_FRAMEWORK_HEADER = YES;
				CLANG_WARN_RANGE_LOOP_ANALYSIS = YES;
				CLANG_WARN_STRICT_PROTOTYPES = YES;
				CLANG_WARN_SUSPICIOUS_MOVE = YES;
				CLANG_WARN_UNGUARDED_AVAILABILITY = YES_AGGRESSIVE;
				CLANG_WARN_UNREACHABLE_CODE = YES;
				CLANG_WARN__DUPLICATE_METHOD_MATCH = YES;
				COPY_PHASE_STRIP = NO;
				DEBUG_INFORMATION_FORMAT = "dwarf-with-dsym";
				ENABLE_NS_ASSERTIONS = NO;
				ENABLE_STRICT_OBJC_MSGSEND = YES;
				ENABLE_USER_SCRIPT_SANDBOXING = YES;
				GCC_C_LANGUAGE_STANDARD = gnu17;
				GCC_NO_COMMON_BLOCKS = YES;
				GCC_WARN_64_TO_32_BIT_CONVERSION = YES;
				GCC_WARN_ABOUT_RETURN_TYPE = YES_ERROR;
				GCC_WARN_UNDECLARED_SELECTOR = YES;
				GCC_WARN_UNINITIALIZED_AUTOS = YES_AGGRESSIVE;
				GCC_WARN_UNUSED_FUNCTION = YES;
				GCC_WARN_UNUSED_VARIABLE = YES;
				IPHONEOS_DEPLOYMENT_TARGET = 17.4;
				LOCALIZATION_PREFERS_STRING_CATALOGS = YES;
				MTL_ENABLE_DEBUG_INFO = NO;
				MTL_FAST_MATH = YES;
				SDKROOT = iphoneos;
				SWIFT_COMPILATION_MODE = wholemodule;
				VALIDATE_PRODUCT = YES;
			};
			name = Release;
		};
		C09377552BAB4FDF00DD53FB /* Debug */ = {
			isa = XCBuildConfiguration;
			buildSettings = {
				ASSETCATALOG_COMPILER_APPICON_NAME = AppIcon;
				ASSETCATALOG_COMPILER_GLOBAL_ACCENT_COLOR_NAME = AccentColor;
				CODE_SIGN_STYLE = Automatic;
				CURRENT_PROJECT_VERSION = 1;
				DEVELOPMENT_TEAM = 659TVY4N4U;
				GENERATE_INFOPLIST_FILE = YES;
				INFOPLIST_FILE = Chat/Info.plist;
				INFOPLIST_KEY_UIApplicationSupportsIndirectInputEvents = YES;
				INFOPLIST_KEY_UILaunchStoryboardName = LaunchScreen;
				INFOPLIST_KEY_UIMainStoryboardFile = Main;
				INFOPLIST_KEY_UISupportedInterfaceOrientations_iPad = "UIInterfaceOrientationPortrait UIInterfaceOrientationPortraitUpsideDown UIInterfaceOrientationLandscapeLeft UIInterfaceOrientationLandscapeRight";
				INFOPLIST_KEY_UISupportedInterfaceOrientations_iPhone = "UIInterfaceOrientationPortrait UIInterfaceOrientationLandscapeLeft UIInterfaceOrientationLandscapeRight";
				LD_RUNPATH_SEARCH_PATHS = (
					"$(inherited)",
					"@executable_path/Frameworks",
				);
				MARKETING_VERSION = 1.0;
				PRODUCT_BUNDLE_IDENTIFIER = com.omgandhi.Chat;
				PRODUCT_NAME = "$(TARGET_NAME)";
				SWIFT_EMIT_LOC_STRINGS = YES;
				SWIFT_VERSION = 5.0;
				TARGETED_DEVICE_FAMILY = "1,2";
			};
			name = Debug;
		};
		C09377562BAB4FDF00DD53FB /* Release */ = {
			isa = XCBuildConfiguration;
			buildSettings = {
				ASSETCATALOG_COMPILER_APPICON_NAME = AppIcon;
				ASSETCATALOG_COMPILER_GLOBAL_ACCENT_COLOR_NAME = AccentColor;
				CODE_SIGN_STYLE = Automatic;
				CURRENT_PROJECT_VERSION = 1;
				DEVELOPMENT_TEAM = 659TVY4N4U;
				GENERATE_INFOPLIST_FILE = YES;
				INFOPLIST_FILE = Chat/Info.plist;
				INFOPLIST_KEY_UIApplicationSupportsIndirectInputEvents = YES;
				INFOPLIST_KEY_UILaunchStoryboardName = LaunchScreen;
				INFOPLIST_KEY_UIMainStoryboardFile = Main;
				INFOPLIST_KEY_UISupportedInterfaceOrientations_iPad = "UIInterfaceOrientationPortrait UIInterfaceOrientationPortraitUpsideDown UIInterfaceOrientationLandscapeLeft UIInterfaceOrientationLandscapeRight";
				INFOPLIST_KEY_UISupportedInterfaceOrientations_iPhone = "UIInterfaceOrientationPortrait UIInterfaceOrientationLandscapeLeft UIInterfaceOrientationLandscapeRight";
				LD_RUNPATH_SEARCH_PATHS = (
					"$(inherited)",
					"@executable_path/Frameworks",
				);
				MARKETING_VERSION = 1.0;
				PRODUCT_BUNDLE_IDENTIFIER = com.omgandhi.Chat;
				PRODUCT_NAME = "$(TARGET_NAME)";
				SWIFT_EMIT_LOC_STRINGS = YES;
				SWIFT_VERSION = 5.0;
				TARGETED_DEVICE_FAMILY = "1,2";
			};
			name = Release;
		};
		C09377582BAB4FDF00DD53FB /* Debug */ = {
			isa = XCBuildConfiguration;
			buildSettings = {
				ALWAYS_EMBED_SWIFT_STANDARD_LIBRARIES = YES;
				BUNDLE_LOADER = "$(TEST_HOST)";
				CODE_SIGN_STYLE = Automatic;
				CURRENT_PROJECT_VERSION = 1;
				DEVELOPMENT_TEAM = 659TVY4N4U;
				GENERATE_INFOPLIST_FILE = YES;
				IPHONEOS_DEPLOYMENT_TARGET = 17.4;
				MARKETING_VERSION = 1.0;
				PRODUCT_BUNDLE_IDENTIFIER = com.omgandhi.ChatTests;
				PRODUCT_NAME = "$(TARGET_NAME)";
				SWIFT_EMIT_LOC_STRINGS = NO;
				SWIFT_VERSION = 5.0;
				TARGETED_DEVICE_FAMILY = "1,2";
				TEST_HOST = "$(BUILT_PRODUCTS_DIR)/Chat.app/$(BUNDLE_EXECUTABLE_FOLDER_PATH)/Chat";
			};
			name = Debug;
		};
		C09377592BAB4FDF00DD53FB /* Release */ = {
			isa = XCBuildConfiguration;
			buildSettings = {
				ALWAYS_EMBED_SWIFT_STANDARD_LIBRARIES = YES;
				BUNDLE_LOADER = "$(TEST_HOST)";
				CODE_SIGN_STYLE = Automatic;
				CURRENT_PROJECT_VERSION = 1;
				DEVELOPMENT_TEAM = 659TVY4N4U;
				GENERATE_INFOPLIST_FILE = YES;
				IPHONEOS_DEPLOYMENT_TARGET = 17.4;
				MARKETING_VERSION = 1.0;
				PRODUCT_BUNDLE_IDENTIFIER = com.omgandhi.ChatTests;
				PRODUCT_NAME = "$(TARGET_NAME)";
				SWIFT_EMIT_LOC_STRINGS = NO;
				SWIFT_VERSION = 5.0;
				TARGETED_DEVICE_FAMILY = "1,2";
				TEST_HOST = "$(BUILT_PRODUCTS_DIR)/Chat.app/$(BUNDLE_EXECUTABLE_FOLDER_PATH)/Chat";
			};
			name = Release;
		};
		C093775B2BAB4FDF00DD53FB /* Debug */ = {
			isa = XCBuildConfiguration;
			buildSettings = {
				ALWAYS_EMBED_SWIFT_STANDARD_LIBRARIES = YES;
				CODE_SIGN_STYLE = Automatic;
				CURRENT_PROJECT_VERSION = 1;
				DEVELOPMENT_TEAM = 659TVY4N4U;
				GENERATE_INFOPLIST_FILE = YES;
				MARKETING_VERSION = 1.0;
				PRODUCT_BUNDLE_IDENTIFIER = com.omgandhi.ChatUITests;
				PRODUCT_NAME = "$(TARGET_NAME)";
				SWIFT_EMIT_LOC_STRINGS = NO;
				SWIFT_VERSION = 5.0;
				TARGETED_DEVICE_FAMILY = "1,2";
				TEST_TARGET_NAME = Chat;
			};
			name = Debug;
		};
		C093775C2BAB4FDF00DD53FB /* Release */ = {
			isa = XCBuildConfiguration;
			buildSettings = {
				ALWAYS_EMBED_SWIFT_STANDARD_LIBRARIES = YES;
				CODE_SIGN_STYLE = Automatic;
				CURRENT_PROJECT_VERSION = 1;
				DEVELOPMENT_TEAM = 659TVY4N4U;
				GENERATE_INFOPLIST_FILE = YES;
				MARKETING_VERSION = 1.0;
				PRODUCT_BUNDLE_IDENTIFIER = com.omgandhi.ChatUITests;
				PRODUCT_NAME = "$(TARGET_NAME)";
				SWIFT_EMIT_LOC_STRINGS = NO;
				SWIFT_VERSION = 5.0;
				TARGETED_DEVICE_FAMILY = "1,2";
				TEST_TARGET_NAME = Chat;
			};
			name = Release;
		};
/* End XCBuildConfiguration section */

/* Begin XCConfigurationList section */
		C09377252BAB4FDE00DD53FB /* Build configuration list for PBXProject "Chat" */ = {
			isa = XCConfigurationList;
			buildConfigurations = (
				C09377522BAB4FDF00DD53FB /* Debug */,
				C09377532BAB4FDF00DD53FB /* Release */,
			);
			defaultConfigurationIsVisible = 0;
			defaultConfigurationName = Release;
		};
		C09377542BAB4FDF00DD53FB /* Build configuration list for PBXNativeTarget "Chat" */ = {
			isa = XCConfigurationList;
			buildConfigurations = (
				C09377552BAB4FDF00DD53FB /* Debug */,
				C09377562BAB4FDF00DD53FB /* Release */,
			);
			defaultConfigurationIsVisible = 0;
			defaultConfigurationName = Release;
		};
		C09377572BAB4FDF00DD53FB /* Build configuration list for PBXNativeTarget "ChatTests" */ = {
			isa = XCConfigurationList;
			buildConfigurations = (
				C09377582BAB4FDF00DD53FB /* Debug */,
				C09377592BAB4FDF00DD53FB /* Release */,
			);
			defaultConfigurationIsVisible = 0;
			defaultConfigurationName = Release;
		};
		C093775A2BAB4FDF00DD53FB /* Build configuration list for PBXNativeTarget "ChatUITests" */ = {
			isa = XCConfigurationList;
			buildConfigurations = (
				C093775B2BAB4FDF00DD53FB /* Debug */,
				C093775C2BAB4FDF00DD53FB /* Release */,
			);
			defaultConfigurationIsVisible = 0;
			defaultConfigurationName = Release;
		};
/* End XCConfigurationList section */
	};
	rootObject = C09377222BAB4FDE00DD53FB /* Project object */;
}
