// !$*UTF8*$!
{
	archiveVersion = 1;
	classes = {
	};
	objectVersion = 56;
	objects = {

/* Begin PBXBuildFile section */
		50E468AF94A69828A5C9CF65 /* Pods_Chat_ChatUITests.framework in Frameworks */ = {isa = PBXBuildFile; fileRef = 258BF889043D8FD6AAC1FBCB /* Pods_Chat_ChatUITests.framework */; };
		A4D11AA47BF88A674553B982 /* Pods_Chat.framework in Frameworks */ = {isa = PBXBuildFile; fileRef = EADB3F8BF0AB52856CAD8084 /* Pods_Chat.framework */; };
		A6AE81505100AFB0C5F0CC92 /* Pods_ChatTests.framework in Frameworks */ = {isa = PBXBuildFile; fileRef = 6436ABF850BA5A8E7BB3924B /* Pods_ChatTests.framework */; };
		C00084472BAC46C0007ECB71 /* ChatViewController.swift in Sources */ = {isa = PBXBuildFile; fileRef = C00084462BAC46C0007ECB71 /* ChatViewController.swift */; };
		C036D1F62BB45C3900696380 /* LocationPickerViewController.swift in Sources */ = {isa = PBXBuildFile; fileRef = C036D1F52BB45C3900696380 /* LocationPickerViewController.swift */; };
		C036D1F82BB467FE00696380 /* LocationViewController.swift in Sources */ = {isa = PBXBuildFile; fileRef = C036D1F72BB467FE00696380 /* LocationViewController.swift */; };
		C049F6392BAC53A4006BB406 /* StorageManager.swift in Sources */ = {isa = PBXBuildFile; fileRef = C049F6382BAC53A4006BB406 /* StorageManager.swift */; };
		C04C54972BB2EAA200904121 /* PhotoViewController.swift in Sources */ = {isa = PBXBuildFile; fileRef = C04C54962BB2EAA200904121 /* PhotoViewController.swift */; };
		C04C54992BB30DFD00904121 /* NewConversationCell.swift in Sources */ = {isa = PBXBuildFile; fileRef = C04C54982BB30DFD00904121 /* NewConversationCell.swift */; };
		C05784752BB1BEAF00D25C01 /* ConversationsCell.swift in Sources */ = {isa = PBXBuildFile; fileRef = C05784742BB1BEAF00D25C01 /* ConversationsCell.swift */; };
		C093772E2BAB4FDE00DD53FB /* AppDelegate.swift in Sources */ = {isa = PBXBuildFile; fileRef = C093772D2BAB4FDE00DD53FB /* AppDelegate.swift */; };
		C09377302BAB4FDE00DD53FB /* SceneDelegate.swift in Sources */ = {isa = PBXBuildFile; fileRef = C093772F2BAB4FDE00DD53FB /* SceneDelegate.swift */; };
		C09377322BAB4FDE00DD53FB /* ViewController.swift in Sources */ = {isa = PBXBuildFile; fileRef = C09377312BAB4FDE00DD53FB /* ViewController.swift */; };
		C09377352BAB4FDE00DD53FB /* Base in Resources */ = {isa = PBXBuildFile; fileRef = C09377342BAB4FDE00DD53FB /* Base */; };
		C09377372BAB4FDF00DD53FB /* Assets.xcassets in Resources */ = {isa = PBXBuildFile; fileRef = C09377362BAB4FDF00DD53FB /* Assets.xcassets */; };
		C093773A2BAB4FDF00DD53FB /* Base in Resources */ = {isa = PBXBuildFile; fileRef = C09377392BAB4FDF00DD53FB /* Base */; };
		C09377452BAB4FDF00DD53FB /* ChatTests.swift in Sources */ = {isa = PBXBuildFile; fileRef = C09377442BAB4FDF00DD53FB /* ChatTests.swift */; };
		C093774F2BAB4FDF00DD53FB /* ChatUITests.swift in Sources */ = {isa = PBXBuildFile; fileRef = C093774E2BAB4FDF00DD53FB /* ChatUITests.swift */; };
		C09377512BAB4FDF00DD53FB /* ChatUITestsLaunchTests.swift in Sources */ = {isa = PBXBuildFile; fileRef = C09377502BAB4FDF00DD53FB /* ChatUITestsLaunchTests.swift */; };
		C093775F2BAB659100DD53FB /* LoginVC.swift in Sources */ = {isa = PBXBuildFile; fileRef = C093775E2BAB659100DD53FB /* LoginVC.swift */; };
		C09377612BAB65A800DD53FB /* RegisterVC.swift in Sources */ = {isa = PBXBuildFile; fileRef = C09377602BAB65A800DD53FB /* RegisterVC.swift */; };
		C09377662BAB6FC500DD53FB /* Settings.swift in Sources */ = {isa = PBXBuildFile; fileRef = C09377622BAB6FC500DD53FB /* Settings.swift */; };
		C09377672BAB6FC500DD53FB /* HelperClass.swift in Sources */ = {isa = PBXBuildFile; fileRef = C09377632BAB6FC500DD53FB /* HelperClass.swift */; };
		C09377682BAB6FC500DD53FB /* LocalStateCheck.swift in Sources */ = {isa = PBXBuildFile; fileRef = C09377642BAB6FC500DD53FB /* LocalStateCheck.swift */; };
		C09377692BAB6FC500DD53FB /* WebService.swift in Sources */ = {isa = PBXBuildFile; fileRef = C09377652BAB6FC500DD53FB /* WebService.swift */; };
		C0B03CCF2BAC3D6200A2E77F /* ProfileVC.swift in Sources */ = {isa = PBXBuildFile; fileRef = C0B03CCE2BAC3D6200A2E77F /* ProfileVC.swift */; };
		C0B88F2E2BAB7A110046B771 /* DatabaseManager.swift in Sources */ = {isa = PBXBuildFile; fileRef = C0B88F2D2BAB7A110046B771 /* DatabaseManager.swift */; };
		C0B88F302BAB7B7B0046B771 /* GoogleService-Info.plist in Resources */ = {isa = PBXBuildFile; fileRef = C0B88F2F2BAB7B7B0046B771 /* GoogleService-Info.plist */; };
		C0D2E2812BAC4CC900346738 /* NewChatVC.swift in Sources */ = {isa = PBXBuildFile; fileRef = C0D2E2802BAC4CC900346738 /* NewChatVC.swift */; };
/* End PBXBuildFile section */

/* Begin PBXContainerItemProxy section */
		C09377412BAB4FDF00DD53FB /* PBXContainerItemProxy */ = {
			isa = PBXContainerItemProxy;
			containerPortal = C09377222BAB4FDE00DD53FB /* Project object */;
			proxyType = 1;
			remoteGlobalIDString = C09377292BAB4FDE00DD53FB;
			remoteInfo = Chat;
		};
		C093774B2BAB4FDF00DD53FB /* PBXContainerItemProxy */ = {
			isa = PBXContainerItemProxy;
			containerPortal = C09377222BAB4FDE00DD53FB /* Project object */;
			proxyType = 1;
			remoteGlobalIDString = C09377292BAB4FDE00DD53FB;
			remoteInfo = Chat;
		};
/* End PBXContainerItemProxy section */

/* Begin PBXFileReference section */
		0EEED49E683C7CF73BF3DC12 /* Pods-Chat.debug.xcconfig */ = {isa = PBXFileReference; includeInIndex = 1; lastKnownFileType = text.xcconfig; name = "Pods-Chat.debug.xcconfig"; path = "Target Support Files/Pods-Chat/Pods-Chat.debug.xcconfig"; sourceTree = "<group>"; };
		258BF889043D8FD6AAC1FBCB /* Pods_Chat_ChatUITests.framework */ = {isa = PBXFileReference; explicitFileType = wrapper.framework; includeInIndex = 0; path = Pods_Chat_ChatUITests.framework; sourceTree = BUILT_PRODUCTS_DIR; };
		4317F56042436E60970838C2 /* Pods-ChatTests.debug.xcconfig */ = {isa = PBXFileReference; includeInIndex = 1; lastKnownFileType = text.xcconfig; name = "Pods-ChatTests.debug.xcconfig"; path = "Target Support Files/Pods-ChatTests/Pods-ChatTests.debug.xcconfig"; sourceTree = "<group>"; };
		436D7AD13D1B5B1024F9A41F /* Pods-Chat-ChatUITests.release.xcconfig */ = {isa = PBXFileReference; includeInIndex = 1; lastKnownFileType = text.xcconfig; name = "Pods-Chat-ChatUITests.release.xcconfig"; path = "Target Support Files/Pods-Chat-ChatUITests/Pods-Chat-ChatUITests.release.xcconfig"; sourceTree = "<group>"; };
		6436ABF850BA5A8E7BB3924B /* Pods_ChatTests.framework */ = {isa = PBXFileReference; explicitFileType = wrapper.framework; includeInIndex = 0; path = Pods_ChatTests.framework; sourceTree = BUILT_PRODUCTS_DIR; };
		72BDC988B8419623C9F66751 /* Pods-Chat-ChatUITests.debug.xcconfig */ = {isa = PBXFileReference; includeInIndex = 1; lastKnownFileType = text.xcconfig; name = "Pods-Chat-ChatUITests.debug.xcconfig"; path = "Target Support Files/Pods-Chat-ChatUITests/Pods-Chat-ChatUITests.debug.xcconfig"; sourceTree = "<group>"; };
		C00084462BAC46C0007ECB71 /* ChatViewController.swift */ = {isa = PBXFileReference; lastKnownFileType = sourcecode.swift; path = ChatViewController.swift; sourceTree = "<group>"; };
		C036D1F52BB45C3900696380 /* LocationPickerViewController.swift */ = {isa = PBXFileReference; lastKnownFileType = sourcecode.swift; path = LocationPickerViewController.swift; sourceTree = "<group>"; };
		C036D1F72BB467FE00696380 /* LocationViewController.swift */ = {isa = PBXFileReference; lastKnownFileType = sourcecode.swift; path = LocationViewController.swift; sourceTree = "<group>"; };
		C049F6382BAC53A4006BB406 /* StorageManager.swift */ = {isa = PBXFileReference; lastKnownFileType = sourcecode.swift; path = StorageManager.swift; sourceTree = "<group>"; };
		C04C54962BB2EAA200904121 /* PhotoViewController.swift */ = {isa = PBXFileReference; lastKnownFileType = sourcecode.swift; path = PhotoViewController.swift; sourceTree = "<group>"; };
		C04C54982BB30DFD00904121 /* NewConversationCell.swift */ = {isa = PBXFileReference; lastKnownFileType = sourcecode.swift; path = NewConversationCell.swift; sourceTree = "<group>"; };
		C05784742BB1BEAF00D25C01 /* ConversationsCell.swift */ = {isa = PBXFileReference; lastKnownFileType = sourcecode.swift; path = ConversationsCell.swift; sourceTree = "<group>"; };
		C093772A2BAB4FDE00DD53FB /* Chat.app */ = {isa = PBXFileReference; explicitFileType = wrapper.application; includeInIndex = 0; path = Chat.app; sourceTree = BUILT_PRODUCTS_DIR; };
		C093772D2BAB4FDE00DD53FB /* AppDelegate.swift */ = {isa = PBXFileReference; lastKnownFileType = sourcecode.swift; path = AppDelegate.swift; sourceTree = "<group>"; };
		C093772F2BAB4FDE00DD53FB /* SceneDelegate.swift */ = {isa = PBXFileReference; lastKnownFileType = sourcecode.swift; path = SceneDelegate.swift; sourceTree = "<group>"; };
		C09377312BAB4FDE00DD53FB /* ViewController.swift */ = {isa = PBXFileReference; lastKnownFileType = sourcecode.swift; path = ViewController.swift; sourceTree = "<group>"; };
		C09377342BAB4FDE00DD53FB /* Base */ = {isa = PBXFileReference; lastKnownFileType = file.storyboard; name = Base; path = Base.lproj/Main.storyboard; sourceTree = "<group>"; };
		C09377362BAB4FDF00DD53FB /* Assets.xcassets */ = {isa = PBXFileReference; lastKnownFileType = folder.assetcatalog; path = Assets.xcassets; sourceTree = "<group>"; };
		C09377392BAB4FDF00DD53FB /* Base */ = {isa = PBXFileReference; lastKnownFileType = file.storyboard; name = Base; path = Base.lproj/LaunchScreen.storyboard; sourceTree = "<group>"; };
		C093773B2BAB4FDF00DD53FB /* Info.plist */ = {isa = PBXFileReference; lastKnownFileType = text.plist.xml; path = Info.plist; sourceTree = "<group>"; };
		C09377402BAB4FDF00DD53FB /* ChatTests.xctest */ = {isa = PBXFileReference; explicitFileType = wrapper.cfbundle; includeInIndex = 0; path = ChatTests.xctest; sourceTree = BUILT_PRODUCTS_DIR; };
		C09377442BAB4FDF00DD53FB /* ChatTests.swift */ = {isa = PBXFileReference; lastKnownFileType = sourcecode.swift; path = ChatTests.swift; sourceTree = "<group>"; };
		C093774A2BAB4FDF00DD53FB /* ChatUITests.xctest */ = {isa = PBXFileReference; explicitFileType = wrapper.cfbundle; includeInIndex = 0; path = ChatUITests.xctest; sourceTree = BUILT_PRODUCTS_DIR; };
		C093774E2BAB4FDF00DD53FB /* ChatUITests.swift */ = {isa = PBXFileReference; lastKnownFileType = sourcecode.swift; path = ChatUITests.swift; sourceTree = "<group>"; };
		C09377502BAB4FDF00DD53FB /* ChatUITestsLaunchTests.swift */ = {isa = PBXFileReference; lastKnownFileType = sourcecode.swift; path = ChatUITestsLaunchTests.swift; sourceTree = "<group>"; };
		C093775E2BAB659100DD53FB /* LoginVC.swift */ = {isa = PBXFileReference; lastKnownFileType = sourcecode.swift; path = LoginVC.swift; sourceTree = "<group>"; };
		C09377602BAB65A800DD53FB /* RegisterVC.swift */ = {isa = PBXFileReference; lastKnownFileType = sourcecode.swift; path = RegisterVC.swift; sourceTree = "<group>"; };
		C09377622BAB6FC500DD53FB /* Settings.swift */ = {isa = PBXFileReference; fileEncoding = 4; lastKnownFileType = sourcecode.swift; path = Settings.swift; sourceTree = "<group>"; };
		C09377632BAB6FC500DD53FB /* HelperClass.swift */ = {isa = PBXFileReference; fileEncoding = 4; lastKnownFileType = sourcecode.swift; path = HelperClass.swift; sourceTree = "<group>"; };
		C09377642BAB6FC500DD53FB /* LocalStateCheck.swift */ = {isa = PBXFileReference; fileEncoding = 4; lastKnownFileType = sourcecode.swift; path = LocalStateCheck.swift; sourceTree = "<group>"; };
		C09377652BAB6FC500DD53FB /* WebService.swift */ = {isa = PBXFileReference; fileEncoding = 4; lastKnownFileType = sourcecode.swift; path = WebService.swift; sourceTree = "<group>"; };
		C0B03CCE2BAC3D6200A2E77F /* ProfileVC.swift */ = {isa = PBXFileReference; lastKnownFileType = sourcecode.swift; path = ProfileVC.swift; sourceTree = "<group>"; };
		C0B88F2D2BAB7A110046B771 /* DatabaseManager.swift */ = {isa = PBXFileReference; lastKnownFileType = sourcecode.swift; path = DatabaseManager.swift; sourceTree = "<group>"; };
		C0B88F2F2BAB7B7B0046B771 /* GoogleService-Info.plist */ = {isa = PBXFileReference; fileEncoding = 4; lastKnownFileType = text.plist.xml; path = "GoogleService-Info.plist"; sourceTree = "<group>"; };
		C0D2E2802BAC4CC900346738 /* NewChatVC.swift */ = {isa = PBXFileReference; lastKnownFileType = sourcecode.swift; path = NewChatVC.swift; sourceTree = "<group>"; };
		C32827BA7C827ECBE1A314D2 /* Pods-Chat.release.xcconfig */ = {isa = PBXFileReference; includeInIndex = 1; lastKnownFileType = text.xcconfig; name = "Pods-Chat.release.xcconfig"; path = "Target Support Files/Pods-Chat/Pods-Chat.release.xcconfig"; sourceTree = "<group>"; };
		EADB3F8BF0AB52856CAD8084 /* Pods_Chat.framework */ = {isa = PBXFileReference; explicitFileType = wrapper.framework; includeInIndex = 0; path = Pods_Chat.framework; sourceTree = BUILT_PRODUCTS_DIR; };
		ED1953A0F926EE51A84E973A /* Pods-ChatTests.release.xcconfig */ = {isa = PBXFileReference; includeInIndex = 1; lastKnownFileType = text.xcconfig; name = "Pods-ChatTests.release.xcconfig"; path = "Target Support Files/Pods-ChatTests/Pods-ChatTests.release.xcconfig"; sourceTree = "<group>"; };
/* End PBXFileReference section */

/* Begin PBXFrameworksBuildPhase section */
		C09377272BAB4FDE00DD53FB /* Frameworks */ = {
			isa = PBXFrameworksBuildPhase;
			buildActionMask = 2147483647;
			files = (
				A4D11AA47BF88A674553B982 /* Pods_Chat.framework in Frameworks */,
			);
			runOnlyForDeploymentPostprocessing = 0;
		};
		C093773D2BAB4FDF00DD53FB /* Frameworks */ = {
			isa = PBXFrameworksBuildPhase;
			buildActionMask = 2147483647;
			files = (
				A6AE81505100AFB0C5F0CC92 /* Pods_ChatTests.framework in Frameworks */,
			);
			runOnlyForDeploymentPostprocessing = 0;
		};
		C09377472BAB4FDF00DD53FB /* Frameworks */ = {
			isa = PBXFrameworksBuildPhase;
			buildActionMask = 2147483647;
			files = (
				50E468AF94A69828A5C9CF65 /* Pods_Chat_ChatUITests.framework in Frameworks */,
			);
			runOnlyForDeploymentPostprocessing = 0;
		};
/* End PBXFrameworksBuildPhase section */

/* Begin PBXGroup section */
		38E594DBDB711B96518DC8D8 /* Pods */ = {
			isa = PBXGroup;
			children = (
				0EEED49E683C7CF73BF3DC12 /* Pods-Chat.debug.xcconfig */,
				C32827BA7C827ECBE1A314D2 /* Pods-Chat.release.xcconfig */,
				72BDC988B8419623C9F66751 /* Pods-Chat-ChatUITests.debug.xcconfig */,
				436D7AD13D1B5B1024F9A41F /* Pods-Chat-ChatUITests.release.xcconfig */,
				4317F56042436E60970838C2 /* Pods-ChatTests.debug.xcconfig */,
				ED1953A0F926EE51A84E973A /* Pods-ChatTests.release.xcconfig */,
			);
			path = Pods;
			sourceTree = "<group>";
		};
		8181BD4ACEBD9FDD298F14CB /* Frameworks */ = {
			isa = PBXGroup;
			children = (
				EADB3F8BF0AB52856CAD8084 /* Pods_Chat.framework */,
				258BF889043D8FD6AAC1FBCB /* Pods_Chat_ChatUITests.framework */,
				6436ABF850BA5A8E7BB3924B /* Pods_ChatTests.framework */,
			);
			name = Frameworks;
			sourceTree = "<group>";
		};
		C05784732BB1BE9100D25C01 /* Views */ = {
			isa = PBXGroup;
			children = (
				C05784742BB1BEAF00D25C01 /* ConversationsCell.swift */,
				C04C54982BB30DFD00904121 /* NewConversationCell.swift */,
			);
			path = Views;
			sourceTree = "<group>";
		};
		C09377212BAB4FDE00DD53FB = {
			isa = PBXGroup;
			children = (
				C093772C2BAB4FDE00DD53FB /* Chat */,
				C09377432BAB4FDF00DD53FB /* ChatTests */,
				C093774D2BAB4FDF00DD53FB /* ChatUITests */,
				C093772B2BAB4FDE00DD53FB /* Products */,
				38E594DBDB711B96518DC8D8 /* Pods */,
				8181BD4ACEBD9FDD298F14CB /* Frameworks */,
			);
			sourceTree = "<group>";
		};
		C093772B2BAB4FDE00DD53FB /* Products */ = {
			isa = PBXGroup;
			children = (
				C093772A2BAB4FDE00DD53FB /* Chat.app */,
				C09377402BAB4FDF00DD53FB /* ChatTests.xctest */,
				C093774A2BAB4FDF00DD53FB /* ChatUITests.xctest */,
			);
			name = Products;
			sourceTree = "<group>";
		};
		C093772C2BAB4FDE00DD53FB /* Chat */ = {
			isa = PBXGroup;
			children = (
				C05784732BB1BE9100D25C01 /* Views */,
				C0B03CCD2BAC3D4700A2E77F /* Imp Classes */,
				C0B88F2F2BAB7B7B0046B771 /* GoogleService-Info.plist */,
				C0B88F2C2BAB7A050046B771 /* Models */,
				C093775D2BAB657C00DD53FB /* Controller */,
				C093772D2BAB4FDE00DD53FB /* AppDelegate.swift */,
				C093772F2BAB4FDE00DD53FB /* SceneDelegate.swift */,
				C09377332BAB4FDE00DD53FB /* Main.storyboard */,
				C09377362BAB4FDF00DD53FB /* Assets.xcassets */,
				C09377382BAB4FDF00DD53FB /* LaunchScreen.storyboard */,
				C093773B2BAB4FDF00DD53FB /* Info.plist */,
			);
			path = Chat;
			sourceTree = "<group>";
		};
		C09377432BAB4FDF00DD53FB /* ChatTests */ = {
			isa = PBXGroup;
			children = (
				C09377442BAB4FDF00DD53FB /* ChatTests.swift */,
			);
			path = ChatTests;
			sourceTree = "<group>";
		};
		C093774D2BAB4FDF00DD53FB /* ChatUITests */ = {
			isa = PBXGroup;
			children = (
				C093774E2BAB4FDF00DD53FB /* ChatUITests.swift */,
				C09377502BAB4FDF00DD53FB /* ChatUITestsLaunchTests.swift */,
			);
			path = ChatUITests;
			sourceTree = "<group>";
		};
		C093775D2BAB657C00DD53FB /* Controller */ = {
			isa = PBXGroup;
			children = (
				C093775E2BAB659100DD53FB /* LoginVC.swift */,
				C09377602BAB65A800DD53FB /* RegisterVC.swift */,
				C09377312BAB4FDE00DD53FB /* ViewController.swift */,
				C0B03CCE2BAC3D6200A2E77F /* ProfileVC.swift */,
				C00084462BAC46C0007ECB71 /* ChatViewController.swift */,
				C0D2E2802BAC4CC900346738 /* NewChatVC.swift */,
				C04C54962BB2EAA200904121 /* PhotoViewController.swift */,
				C036D1F52BB45C3900696380 /* LocationPickerViewController.swift */,
				C036D1F72BB467FE00696380 /* LocationViewController.swift */,
			);
			path = Controller;
			sourceTree = "<group>";
		};
		C0B03CCD2BAC3D4700A2E77F /* Imp Classes */ = {
			isa = PBXGroup;
			children = (
				C09377632BAB6FC500DD53FB /* HelperClass.swift */,
				C09377642BAB6FC500DD53FB /* LocalStateCheck.swift */,
				C09377622BAB6FC500DD53FB /* Settings.swift */,
				C09377652BAB6FC500DD53FB /* WebService.swift */,
			);
			path = "Imp Classes";
			sourceTree = "<group>";
		};
		C0B88F2C2BAB7A050046B771 /* Models */ = {
			isa = PBXGroup;
			children = (
				C0B88F2D2BAB7A110046B771 /* DatabaseManager.swift */,
				C049F6382BAC53A4006BB406 /* StorageManager.swift */,
			);
			path = Models;
			sourceTree = "<group>";
		};
/* End PBXGroup section */

/* Begin PBXNativeTarget section */
		C09377292BAB4FDE00DD53FB /* Chat */ = {
			isa = PBXNativeTarget;
			buildConfigurationList = C09377542BAB4FDF00DD53FB /* Build configuration list for PBXNativeTarget "Chat" */;
			buildPhases = (
				87936EAEFAA8E858664E166A /* [CP] Check Pods Manifest.lock */,
				C09377262BAB4FDE00DD53FB /* Sources */,
				C09377272BAB4FDE00DD53FB /* Frameworks */,
				C09377282BAB4FDE00DD53FB /* Resources */,
				885CFEA53BFD777A18EF02AF /* [CP] Embed Pods Frameworks */,
			);
			buildRules = (
			);
			dependencies = (
			);
			name = Chat;
			productName = Chat;
			productReference = C093772A2BAB4FDE00DD53FB /* Chat.app */;
			productType = "com.apple.product-type.application";
		};
		C093773F2BAB4FDF00DD53FB /* ChatTests */ = {
			isa = PBXNativeTarget;
			buildConfigurationList = C09377572BAB4FDF00DD53FB /* Build configuration list for PBXNativeTarget "ChatTests" */;
			buildPhases = (
				CCEAED1491B794CC4DB4A261 /* [CP] Check Pods Manifest.lock */,
				C093773C2BAB4FDF00DD53FB /* Sources */,
				C093773D2BAB4FDF00DD53FB /* Frameworks */,
				C093773E2BAB4FDF00DD53FB /* Resources */,
			);
			buildRules = (
			);
			dependencies = (
				C09377422BAB4FDF00DD53FB /* PBXTargetDependency */,
			);
			name = ChatTests;
			productName = ChatTests;
			productReference = C09377402BAB4FDF00DD53FB /* ChatTests.xctest */;
			productType = "com.apple.product-type.bundle.unit-test";
		};
		C09377492BAB4FDF00DD53FB /* ChatUITests */ = {
			isa = PBXNativeTarget;
			buildConfigurationList = C093775A2BAB4FDF00DD53FB /* Build configuration list for PBXNativeTarget "ChatUITests" */;
			buildPhases = (
				03559C3BD80D3FB6CCF28AC8 /* [CP] Check Pods Manifest.lock */,
				C09377462BAB4FDF00DD53FB /* Sources */,
				C09377472BAB4FDF00DD53FB /* Frameworks */,
				C09377482BAB4FDF00DD53FB /* Resources */,
				EC1B508CBBC4F9E0DA5929A2 /* [CP] Embed Pods Frameworks */,
			);
			buildRules = (
			);
			dependencies = (
				C093774C2BAB4FDF00DD53FB /* PBXTargetDependency */,
			);
			name = ChatUITests;
			productName = ChatUITests;
			productReference = C093774A2BAB4FDF00DD53FB /* ChatUITests.xctest */;
			productType = "com.apple.product-type.bundle.ui-testing";
		};
/* End PBXNativeTarget section */

/* Begin PBXProject section */
		C09377222BAB4FDE00DD53FB /* Project object */ = {
			isa = PBXProject;
			attributes = {
				BuildIndependentTargetsInParallel = 1;
				LastSwiftUpdateCheck = 1530;
				LastUpgradeCheck = 1530;
				TargetAttributes = {
					C09377292BAB4FDE00DD53FB = {
						CreatedOnToolsVersion = 15.3;
					};
					C093773F2BAB4FDF00DD53FB = {
						CreatedOnToolsVersion = 15.3;
						TestTargetID = C09377292BAB4FDE00DD53FB;
					};
					C09377492BAB4FDF00DD53FB = {
						CreatedOnToolsVersion = 15.3;
						TestTargetID = C09377292BAB4FDE00DD53FB;
					};
				};
			};
			buildConfigurationList = C09377252BAB4FDE00DD53FB /* Build configuration list for PBXProject "Chat" */;
			compatibilityVersion = "Xcode 14.0";
			developmentRegion = en;
			hasScannedForEncodings = 0;
			knownRegions = (
				en,
				Base,
			);
			mainGroup = C09377212BAB4FDE00DD53FB;
			productRefGroup = C093772B2BAB4FDE00DD53FB /* Products */;
			projectDirPath = "";
			projectRoot = "";
			targets = (
				C09377292BAB4FDE00DD53FB /* Chat */,
				C093773F2BAB4FDF00DD53FB /* ChatTests */,
				C09377492BAB4FDF00DD53FB /* ChatUITests */,
			);
		};
/* End PBXProject section */

/* Begin PBXResourcesBuildPhase section */
		C09377282BAB4FDE00DD53FB /* Resources */ = {
			isa = PBXResourcesBuildPhase;
			buildActionMask = 2147483647;
			files = (
				C09377372BAB4FDF00DD53FB /* Assets.xcassets in Resources */,
				C0B88F302BAB7B7B0046B771 /* GoogleService-Info.plist in Resources */,
				C093773A2BAB4FDF00DD53FB /* Base in Resources */,
				C09377352BAB4FDE00DD53FB /* Base in Resources */,
			);
			runOnlyForDeploymentPostprocessing = 0;
		};
		C093773E2BAB4FDF00DD53FB /* Resources */ = {
			isa = PBXResourcesBuildPhase;
			buildActionMask = 2147483647;
			files = (
			);
			runOnlyForDeploymentPostprocessing = 0;
		};
		C09377482BAB4FDF00DD53FB /* Resources */ = {
			isa = PBXResourcesBuildPhase;
			buildActionMask = 2147483647;
			files = (
			);
			runOnlyForDeploymentPostprocessing = 0;
		};
/* End PBXResourcesBuildPhase section */

/* Begin PBXShellScriptBuildPhase section */
		03559C3BD80D3FB6CCF28AC8 /* [CP] Check Pods Manifest.lock */ = {
			isa = PBXShellScriptBuildPhase;
			buildActionMask = 2147483647;
			files = (
			);
			inputFileListPaths = (
			);
			inputPaths = (
				"${PODS_PODFILE_DIR_PATH}/Podfile.lock",
				"${PODS_ROOT}/Manifest.lock",
			);
			name = "[CP] Check Pods Manifest.lock";
			outputFileListPaths = (
			);
			outputPaths = (
				"$(DERIVED_FILE_DIR)/Pods-Chat-ChatUITests-checkManifestLockResult.txt",
			);
			runOnlyForDeploymentPostprocessing = 0;
			shellPath = /bin/sh;
			shellScript = "diff \"${PODS_PODFILE_DIR_PATH}/Podfile.lock\" \"${PODS_ROOT}/Manifest.lock\" > /dev/null\nif [ $? != 0 ] ; then\n    # print error to STDERR\n    echo \"error: The sandbox is not in sync with the Podfile.lock. Run 'pod install' or update your CocoaPods installation.\" >&2\n    exit 1\nfi\n# This output is used by Xcode 'outputs' to avoid re-running this script phase.\necho \"SUCCESS\" > \"${SCRIPT_OUTPUT_FILE_0}\"\n";
			showEnvVarsInLog = 0;
		};
		87936EAEFAA8E858664E166A /* [CP] Check Pods Manifest.lock */ = {
			isa = PBXShellScriptBuildPhase;
			buildActionMask = 2147483647;
			files = (
			);
			inputFileListPaths = (
			);
			inputPaths = (
				"${PODS_PODFILE_DIR_PATH}/Podfile.lock",
				"${PODS_ROOT}/Manifest.lock",
			);
			name = "[CP] Check Pods Manifest.lock";
			outputFileListPaths = (
			);
			outputPaths = (
				"$(DERIVED_FILE_DIR)/Pods-Chat-checkManifestLockResult.txt",
			);
			runOnlyForDeploymentPostprocessing = 0;
			shellPath = /bin/sh;
			shellScript = "diff \"${PODS_PODFILE_DIR_PATH}/Podfile.lock\" \"${PODS_ROOT}/Manifest.lock\" > /dev/null\nif [ $? != 0 ] ; then\n    # print error to STDERR\n    echo \"error: The sandbox is not in sync with the Podfile.lock. Run 'pod install' or update your CocoaPods installation.\" >&2\n    exit 1\nfi\n# This output is used by Xcode 'outputs' to avoid re-running this script phase.\necho \"SUCCESS\" > \"${SCRIPT_OUTPUT_FILE_0}\"\n";
			showEnvVarsInLog = 0;
		};
		885CFEA53BFD777A18EF02AF /* [CP] Embed Pods Frameworks */ = {
			isa = PBXShellScriptBuildPhase;
			buildActionMask = 2147483647;
			files = (
			);
			inputFileListPaths = (
				"${PODS_ROOT}/Target Support Files/Pods-Chat/Pods-Chat-frameworks-${CONFIGURATION}-input-files.xcfilelist",
			);
			name = "[CP] Embed Pods Frameworks";
			outputFileListPaths = (
				"${PODS_ROOT}/Target Support Files/Pods-Chat/Pods-Chat-frameworks-${CONFIGURATION}-output-files.xcfilelist",
			);
			runOnlyForDeploymentPostprocessing = 0;
			shellPath = /bin/sh;
			shellScript = "\"${PODS_ROOT}/Target Support Files/Pods-Chat/Pods-Chat-frameworks.sh\"\n";
			showEnvVarsInLog = 0;
		};
		CCEAED1491B794CC4DB4A261 /* [CP] Check Pods Manifest.lock */ = {
			isa = PBXShellScriptBuildPhase;
			buildActionMask = 2147483647;
			files = (
			);
			inputFileListPaths = (
			);
			inputPaths = (
				"${PODS_PODFILE_DIR_PATH}/Podfile.lock",
				"${PODS_ROOT}/Manifest.lock",
			);
			name = "[CP] Check Pods Manifest.lock";
			outputFileListPaths = (
			);
			outputPaths = (
				"$(DERIVED_FILE_DIR)/Pods-ChatTests-checkManifestLockResult.txt",
			);
			runOnlyForDeploymentPostprocessing = 0;
			shellPath = /bin/sh;
			shellScript = "diff \"${PODS_PODFILE_DIR_PATH}/Podfile.lock\" \"${PODS_ROOT}/Manifest.lock\" > /dev/null\nif [ $? != 0 ] ; then\n    # print error to STDERR\n    echo \"error: The sandbox is not in sync with the Podfile.lock. Run 'pod install' or update your CocoaPods installation.\" >&2\n    exit 1\nfi\n# This output is used by Xcode 'outputs' to avoid re-running this script phase.\necho \"SUCCESS\" > \"${SCRIPT_OUTPUT_FILE_0}\"\n";
			showEnvVarsInLog = 0;
		};
		EC1B508CBBC4F9E0DA5929A2 /* [CP] Embed Pods Frameworks */ = {
			isa = PBXShellScriptBuildPhase;
			buildActionMask = 2147483647;
			files = (
			);
			inputFileListPaths = (
				"${PODS_ROOT}/Target Support Files/Pods-Chat-ChatUITests/Pods-Chat-ChatUITests-frameworks-${CONFIGURATION}-input-files.xcfilelist",
			);
			name = "[CP] Embed Pods Frameworks";
			outputFileListPaths = (
				"${PODS_ROOT}/Target Support Files/Pods-Chat-ChatUITests/Pods-Chat-ChatUITests-frameworks-${CONFIGURATION}-output-files.xcfilelist",
			);
			runOnlyForDeploymentPostprocessing = 0;
			shellPath = /bin/sh;
			shellScript = "\"${PODS_ROOT}/Target Support Files/Pods-Chat-ChatUITests/Pods-Chat-ChatUITests-frameworks.sh\"\n";
			showEnvVarsInLog = 0;
		};
/* End PBXShellScriptBuildPhase section */

/* Begin PBXSourcesBuildPhase section */
		C09377262BAB4FDE00DD53FB /* Sources */ = {
			isa = PBXSourcesBuildPhase;
			buildActionMask = 2147483647;
			files = (
				C09377692BAB6FC500DD53FB /* WebService.swift in Sources */,
				C036D1F62BB45C3900696380 /* LocationPickerViewController.swift in Sources */,
				C09377662BAB6FC500DD53FB /* Settings.swift in Sources */,
				C0B88F2E2BAB7A110046B771 /* DatabaseManager.swift in Sources */,
				C049F6392BAC53A4006BB406 /* StorageManager.swift in Sources */,
				C09377672BAB6FC500DD53FB /* HelperClass.swift in Sources */,
				C0D2E2812BAC4CC900346738 /* NewChatVC.swift in Sources */,
				C036D1F82BB467FE00696380 /* LocationViewController.swift in Sources */,
				C09377682BAB6FC500DD53FB /* LocalStateCheck.swift in Sources */,
				C09377322BAB4FDE00DD53FB /* ViewController.swift in Sources */,
				C05784752BB1BEAF00D25C01 /* ConversationsCell.swift in Sources */,
				C093772E2BAB4FDE00DD53FB /* AppDelegate.swift in Sources */,
				C093775F2BAB659100DD53FB /* LoginVC.swift in Sources */,
				C09377302BAB4FDE00DD53FB /* SceneDelegate.swift in Sources */,
				C0B03CCF2BAC3D6200A2E77F /* ProfileVC.swift in Sources */,
				C04C54972BB2EAA200904121 /* PhotoViewController.swift in Sources */,
				C00084472BAC46C0007ECB71 /* ChatViewController.swift in Sources */,
				C09377612BAB65A800DD53FB /* RegisterVC.swift in Sources */,
				C04C54992BB30DFD00904121 /* NewConversationCell.swift in Sources */,
			);
			runOnlyForDeploymentPostprocessing = 0;
		};
		C093773C2BAB4FDF00DD53FB /* Sources */ = {
			isa = PBXSourcesBuildPhase;
			buildActionMask = 2147483647;
			files = (
				C09377452BAB4FDF00DD53FB /* ChatTests.swift in Sources */,
			);
			runOnlyForDeploymentPostprocessing = 0;
		};
		C09377462BAB4FDF00DD53FB /* Sources */ = {
			isa = PBXSourcesBuildPhase;
			buildActionMask = 2147483647;
			files = (
				C09377512BAB4FDF00DD53FB /* ChatUITestsLaunchTests.swift in Sources */,
				C093774F2BAB4FDF00DD53FB /* ChatUITests.swift in Sources */,
			);
			runOnlyForDeploymentPostprocessing = 0;
		};
/* End PBXSourcesBuildPhase section */

/* Begin PBXTargetDependency section */
		C09377422BAB4FDF00DD53FB /* PBXTargetDependency */ = {
			isa = PBXTargetDependency;
			target = C09377292BAB4FDE00DD53FB /* Chat */;
			targetProxy = C09377412BAB4FDF00DD53FB /* PBXContainerItemProxy */;
		};
		C093774C2BAB4FDF00DD53FB /* PBXTargetDependency */ = {
			isa = PBXTargetDependency;
			target = C09377292BAB4FDE00DD53FB /* Chat */;
			targetProxy = C093774B2BAB4FDF00DD53FB /* PBXContainerItemProxy */;
		};
/* End PBXTargetDependency section */

/* Begin PBXVariantGroup section */
		C09377332BAB4FDE00DD53FB /* Main.storyboard */ = {
			isa = PBXVariantGroup;
			children = (
				C09377342BAB4FDE00DD53FB /* Base */,
			);
			name = Main.storyboard;
			sourceTree = "<group>";
		};
		C09377382BAB4FDF00DD53FB /* LaunchScreen.storyboard */ = {
			isa = PBXVariantGroup;
			children = (
				C09377392BAB4FDF00DD53FB /* Base */,
			);
			name = LaunchScreen.storyboard;
			sourceTree = "<group>";
		};
/* End PBXVariantGroup section */

/* Begin XCBuildConfiguration section */
		C09377522BAB4FDF00DD53FB /* Debug */ = {
			isa = XCBuildConfiguration;
			buildSettings = {
				ALWAYS_SEARCH_USER_PATHS = NO;
				ASSETCATALOG_COMPILER_GENERATE_SWIFT_ASSET_SYMBOL_EXTENSIONS = YES;
				CLANG_ANALYZER_NONNULL = YES;
				CLANG_ANALYZER_NUMBER_OBJECT_CONVERSION = YES_AGGRESSIVE;
				CLANG_CXX_LANGUAGE_STANDARD = "gnu++20";
				CLANG_ENABLE_MODULES = YES;
				CLANG_ENABLE_OBJC_ARC = YES;
				CLANG_ENABLE_OBJC_WEAK = YES;
				CLANG_WARN_BLOCK_CAPTURE_AUTORELEASING = YES;
				CLANG_WARN_BOOL_CONVERSION = YES;
				CLANG_WARN_COMMA = YES;
				CLANG_WARN_CONSTANT_CONVERSION = YES;
				CLANG_WARN_DEPRECATED_OBJC_IMPLEMENTATIONS = YES;
				CLANG_WARN_DIRECT_OBJC_ISA_USAGE = YES_ERROR;
				CLANG_WARN_DOCUMENTATION_COMMENTS = YES;
				CLANG_WARN_EMPTY_BODY = YES;
				CLANG_WARN_ENUM_CONVERSION = YES;
				CLANG_WARN_INFINITE_RECURSION = YES;
				CLANG_WARN_INT_CONVERSION = YES;
				CLANG_WARN_NON_LITERAL_NULL_CONVERSION = YES;
				CLANG_WARN_OBJC_IMPLICIT_RETAIN_SELF = YES;
				CLANG_WARN_OBJC_LITERAL_CONVERSION = YES;
				CLANG_WARN_OBJC_ROOT_CLASS = YES_ERROR;
				CLANG_WARN_QUOTED_INCLUDE_IN_FRAMEWORK_HEADER = YES;
				CLANG_WARN_RANGE_LOOP_ANALYSIS = YES;
				CLANG_WARN_STRICT_PROTOTYPES = YES;
				CLANG_WARN_SUSPICIOUS_MOVE = YES;
				CLANG_WARN_UNGUARDED_AVAILABILITY = YES_AGGRESSIVE;
				CLANG_WARN_UNREACHABLE_CODE = YES;
				CLANG_WARN__DUPLICATE_METHOD_MATCH = YES;
				COPY_PHASE_STRIP = NO;
				DEBUG_INFORMATION_FORMAT = dwarf;
				ENABLE_STRICT_OBJC_MSGSEND = YES;
				ENABLE_TESTABILITY = YES;
				ENABLE_USER_SCRIPT_SANDBOXING = NO;
				GCC_C_LANGUAGE_STANDARD = gnu17;
				GCC_DYNAMIC_NO_PIC = NO;
				GCC_NO_COMMON_BLOCKS = YES;
				GCC_OPTIMIZATION_LEVEL = 0;
				GCC_PREPROCESSOR_DEFINITIONS = (
					"DEBUG=1",
					"$(inherited)",
				);
				GCC_WARN_64_TO_32_BIT_CONVERSION = YES;
				GCC_WARN_ABOUT_RETURN_TYPE = YES_ERROR;
				GCC_WARN_UNDECLARED_SELECTOR = YES;
				GCC_WARN_UNINITIALIZED_AUTOS = YES_AGGRESSIVE;
				GCC_WARN_UNUSED_FUNCTION = YES;
				GCC_WARN_UNUSED_VARIABLE = YES;
				IPHONEOS_DEPLOYMENT_TARGET = 17.4;
				LOCALIZATION_PREFERS_STRING_CATALOGS = YES;
				MTL_ENABLE_DEBUG_INFO = INCLUDE_SOURCE;
				MTL_FAST_MATH = YES;
				ONLY_ACTIVE_ARCH = YES;
				SDKROOT = iphoneos;
				SWIFT_ACTIVE_COMPILATION_CONDITIONS = "DEBUG $(inherited)";
				SWIFT_OPTIMIZATION_LEVEL = "-Onone";
			};
			name = Debug;
		};
		C09377532BAB4FDF00DD53FB /* Release */ = {
			isa = XCBuildConfiguration;
			buildSettings = {
				ALWAYS_SEARCH_USER_PATHS = NO;
				ASSETCATALOG_COMPILER_GENERATE_SWIFT_ASSET_SYMBOL_EXTENSIONS = YES;
				CLANG_ANALYZER_NONNULL = YES;
				CLANG_ANALYZER_NUMBER_OBJECT_CONVERSION = YES_AGGRESSIVE;
				CLANG_CXX_LANGUAGE_STANDARD = "gnu++20";
				CLANG_ENABLE_MODULES = YES;
				CLANG_ENABLE_OBJC_ARC = YES;
				CLANG_ENABLE_OBJC_WEAK = YES;
				CLANG_WARN_BLOCK_CAPTURE_AUTORELEASING = YES;
				CLANG_WARN_BOOL_CONVERSION = YES;
				CLANG_WARN_COMMA = YES;
				CLANG_WARN_CONSTANT_CONVERSION = YES;
				CLANG_WARN_DEPRECATED_OBJC_IMPLEMENTATIONS = YES;
				CLANG_WARN_DIRECT_OBJC_ISA_USAGE = YES_ERROR;
				CLANG_WARN_DOCUMENTATION_COMMENTS = YES;
				CLANG_WARN_EMPTY_BODY = YES;
				CLANG_WARN_ENUM_CONVERSION = YES;
				CLANG_WARN_INFINITE_RECURSION = YES;
				CLANG_WARN_INT_CONVERSION = YES;
				CLANG_WARN_NON_LITERAL_NULL_CONVERSION = YES;
				CLANG_WARN_OBJC_IMPLICIT_RETAIN_SELF = YES;
				CLANG_WARN_OBJC_LITERAL_CONVERSION = YES;
				CLANG_WARN_OBJC_ROOT_CLASS = YES_ERROR;
				CLANG_WARN_QUOTED_INCLUDE_IN_FRAMEWORK_HEADER = YES;
				CLANG_WARN_RANGE_LOOP_ANALYSIS = YES;
				CLANG_WARN_STRICT_PROTOTYPES = YES;
				CLANG_WARN_SUSPICIOUS_MOVE = YES;
				CLANG_WARN_UNGUARDED_AVAILABILITY = YES_AGGRESSIVE;
				CLANG_WARN_UNREACHABLE_CODE = YES;
				CLANG_WARN__DUPLICATE_METHOD_MATCH = YES;
				COPY_PHASE_STRIP = NO;
				DEBUG_INFORMATION_FORMAT = "dwarf-with-dsym";
				ENABLE_NS_ASSERTIONS = NO;
				ENABLE_STRICT_OBJC_MSGSEND = YES;
				ENABLE_USER_SCRIPT_SANDBOXING = NO;
				GCC_C_LANGUAGE_STANDARD = gnu17;
				GCC_NO_COMMON_BLOCKS = YES;
				GCC_WARN_64_TO_32_BIT_CONVERSION = YES;
				GCC_WARN_ABOUT_RETURN_TYPE = YES_ERROR;
				GCC_WARN_UNDECLARED_SELECTOR = YES;
				GCC_WARN_UNINITIALIZED_AUTOS = YES_AGGRESSIVE;
				GCC_WARN_UNUSED_FUNCTION = YES;
				GCC_WARN_UNUSED_VARIABLE = YES;
				IPHONEOS_DEPLOYMENT_TARGET = 17.4;
				LOCALIZATION_PREFERS_STRING_CATALOGS = YES;
				MTL_ENABLE_DEBUG_INFO = NO;
				MTL_FAST_MATH = YES;
				SDKROOT = iphoneos;
				SWIFT_COMPILATION_MODE = wholemodule;
				VALIDATE_PRODUCT = YES;
			};
			name = Release;
		};
		C09377552BAB4FDF00DD53FB /* Debug */ = {
			isa = XCBuildConfiguration;
			baseConfigurationReference = 0EEED49E683C7CF73BF3DC12 /* Pods-Chat.debug.xcconfig */;
			buildSettings = {
				ASSETCATALOG_COMPILER_APPICON_NAME = AppIcon;
				ASSETCATALOG_COMPILER_GLOBAL_ACCENT_COLOR_NAME = AccentColor;
				CODE_SIGN_STYLE = Automatic;
				CURRENT_PROJECT_VERSION = 1;
				DEVELOPMENT_TEAM = 659TVY4N4U;
				GENERATE_INFOPLIST_FILE = YES;
				INFOPLIST_FILE = Chat/Info.plist;
				INFOPLIST_KEY_CFBundleDisplayName = "OG Chat";
				INFOPLIST_KEY_UIApplicationSupportsIndirectInputEvents = YES;
				INFOPLIST_KEY_UILaunchStoryboardName = LaunchScreen;
				INFOPLIST_KEY_UIMainStoryboardFile = Main;
				INFOPLIST_KEY_UISupportedInterfaceOrientations = UIInterfaceOrientationPortrait;
				LD_RUNPATH_SEARCH_PATHS = (
					"$(inherited)",
					"@executable_path/Frameworks",
				);
				MARKETING_VERSION = 1.0;
				PRODUCT_BUNDLE_IDENTIFIER = com.omgandhi.Chat;
				PRODUCT_NAME = "$(TARGET_NAME)";
				SWIFT_EMIT_LOC_STRINGS = YES;
				SWIFT_VERSION = 5.0;
				TARGETED_DEVICE_FAMILY = "1,2";
			};
			name = Debug;
		};
		C09377562BAB4FDF00DD53FB /* Release */ = {
			isa = XCBuildConfiguration;
			baseConfigurationReference = C32827BA7C827ECBE1A314D2 /* Pods-Chat.release.xcconfig */;
			buildSettings = {
				ASSETCATALOG_COMPILER_APPICON_NAME = AppIcon;
				ASSETCATALOG_COMPILER_GLOBAL_ACCENT_COLOR_NAME = AccentColor;
				CODE_SIGN_STYLE = Automatic;
				CURRENT_PROJECT_VERSION = 1;
				DEVELOPMENT_TEAM = 659TVY4N4U;
				GENERATE_INFOPLIST_FILE = YES;
				INFOPLIST_FILE = Chat/Info.plist;
				INFOPLIST_KEY_CFBundleDisplayName = "OG Chat";
				INFOPLIST_KEY_UIApplicationSupportsIndirectInputEvents = YES;
				INFOPLIST_KEY_UILaunchStoryboardName = LaunchScreen;
				INFOPLIST_KEY_UIMainStoryboardFile = Main;
				INFOPLIST_KEY_UISupportedInterfaceOrientations = UIInterfaceOrientationPortrait;
				LD_RUNPATH_SEARCH_PATHS = (
					"$(inherited)",
					"@executable_path/Frameworks",
				);
				MARKETING_VERSION = 1.0;
				PRODUCT_BUNDLE_IDENTIFIER = com.omgandhi.Chat;
				PRODUCT_NAME = "$(TARGET_NAME)";
				SWIFT_EMIT_LOC_STRINGS = YES;
				SWIFT_VERSION = 5.0;
				TARGETED_DEVICE_FAMILY = "1,2";
			};
			name = Release;
		};
		C09377582BAB4FDF00DD53FB /* Debug */ = {
			isa = XCBuildConfiguration;
			baseConfigurationReference = 4317F56042436E60970838C2 /* Pods-ChatTests.debug.xcconfig */;
			buildSettings = {
				ALWAYS_EMBED_SWIFT_STANDARD_LIBRARIES = YES;
				BUNDLE_LOADER = "$(TEST_HOST)";
				CODE_SIGN_STYLE = Automatic;
				CURRENT_PROJECT_VERSION = 1;
				DEVELOPMENT_TEAM = 659TVY4N4U;
				GENERATE_INFOPLIST_FILE = YES;
				IPHONEOS_DEPLOYMENT_TARGET = 17.4;
				MARKETING_VERSION = 1.0;
				PRODUCT_BUNDLE_IDENTIFIER = com.omgandhi.ChatTests;
				PRODUCT_NAME = "$(TARGET_NAME)";
				SWIFT_EMIT_LOC_STRINGS = NO;
				SWIFT_VERSION = 5.0;
				TARGETED_DEVICE_FAMILY = "1,2";
				TEST_HOST = "$(BUILT_PRODUCTS_DIR)/Chat.app/$(BUNDLE_EXECUTABLE_FOLDER_PATH)/Chat";
			};
			name = Debug;
		};
		C09377592BAB4FDF00DD53FB /* Release */ = {
			isa = XCBuildConfiguration;
			baseConfigurationReference = ED1953A0F926EE51A84E973A /* Pods-ChatTests.release.xcconfig */;
			buildSettings = {
				ALWAYS_EMBED_SWIFT_STANDARD_LIBRARIES = YES;
				BUNDLE_LOADER = "$(TEST_HOST)";
				CODE_SIGN_STYLE = Automatic;
				CURRENT_PROJECT_VERSION = 1;
				DEVELOPMENT_TEAM = 659TVY4N4U;
				GENERATE_INFOPLIST_FILE = YES;
				IPHONEOS_DEPLOYMENT_TARGET = 17.4;
				MARKETING_VERSION = 1.0;
				PRODUCT_BUNDLE_IDENTIFIER = com.omgandhi.ChatTests;
				PRODUCT_NAME = "$(TARGET_NAME)";
				SWIFT_EMIT_LOC_STRINGS = NO;
				SWIFT_VERSION = 5.0;
				TARGETED_DEVICE_FAMILY = "1,2";
				TEST_HOST = "$(BUILT_PRODUCTS_DIR)/Chat.app/$(BUNDLE_EXECUTABLE_FOLDER_PATH)/Chat";
			};
			name = Release;
		};
		C093775B2BAB4FDF00DD53FB /* Debug */ = {
			isa = XCBuildConfiguration;
			baseConfigurationReference = 72BDC988B8419623C9F66751 /* Pods-Chat-ChatUITests.debug.xcconfig */;
			buildSettings = {
				ALWAYS_EMBED_SWIFT_STANDARD_LIBRARIES = YES;
				CODE_SIGN_STYLE = Automatic;
				CURRENT_PROJECT_VERSION = 1;
				DEVELOPMENT_TEAM = 659TVY4N4U;
				GENERATE_INFOPLIST_FILE = YES;
				MARKETING_VERSION = 1.0;
				PRODUCT_BUNDLE_IDENTIFIER = com.omgandhi.ChatUITests;
				PRODUCT_NAME = "$(TARGET_NAME)";
				SWIFT_EMIT_LOC_STRINGS = NO;
				SWIFT_VERSION = 5.0;
				TARGETED_DEVICE_FAMILY = "1,2";
				TEST_TARGET_NAME = Chat;
			};
			name = Debug;
		};
		C093775C2BAB4FDF00DD53FB /* Release */ = {
			isa = XCBuildConfiguration;
			baseConfigurationReference = 436D7AD13D1B5B1024F9A41F /* Pods-Chat-ChatUITests.release.xcconfig */;
			buildSettings = {
				ALWAYS_EMBED_SWIFT_STANDARD_LIBRARIES = YES;
				CODE_SIGN_STYLE = Automatic;
				CURRENT_PROJECT_VERSION = 1;
				DEVELOPMENT_TEAM = 659TVY4N4U;
				GENERATE_INFOPLIST_FILE = YES;
				MARKETING_VERSION = 1.0;
				PRODUCT_BUNDLE_IDENTIFIER = com.omgandhi.ChatUITests;
				PRODUCT_NAME = "$(TARGET_NAME)";
				SWIFT_EMIT_LOC_STRINGS = NO;
				SWIFT_VERSION = 5.0;
				TARGETED_DEVICE_FAMILY = "1,2";
				TEST_TARGET_NAME = Chat;
			};
			name = Release;
		};
/* End XCBuildConfiguration section */

/* Begin XCConfigurationList section */
		C09377252BAB4FDE00DD53FB /* Build configuration list for PBXProject "Chat" */ = {
			isa = XCConfigurationList;
			buildConfigurations = (
				C09377522BAB4FDF00DD53FB /* Debug */,
				C09377532BAB4FDF00DD53FB /* Release */,
			);
			defaultConfigurationIsVisible = 0;
			defaultConfigurationName = Release;
		};
		C09377542BAB4FDF00DD53FB /* Build configuration list for PBXNativeTarget "Chat" */ = {
			isa = XCConfigurationList;
			buildConfigurations = (
				C09377552BAB4FDF00DD53FB /* Debug */,
				C09377562BAB4FDF00DD53FB /* Release */,
			);
			defaultConfigurationIsVisible = 0;
			defaultConfigurationName = Release;
		};
		C09377572BAB4FDF00DD53FB /* Build configuration list for PBXNativeTarget "ChatTests" */ = {
			isa = XCConfigurationList;
			buildConfigurations = (
				C09377582BAB4FDF00DD53FB /* Debug */,
				C09377592BAB4FDF00DD53FB /* Release */,
			);
			defaultConfigurationIsVisible = 0;
			defaultConfigurationName = Release;
		};
		C093775A2BAB4FDF00DD53FB /* Build configuration list for PBXNativeTarget "ChatUITests" */ = {
			isa = XCConfigurationList;
			buildConfigurations = (
				C093775B2BAB4FDF00DD53FB /* Debug */,
				C093775C2BAB4FDF00DD53FB /* Release */,
			);
			defaultConfigurationIsVisible = 0;
			defaultConfigurationName = Release;
		};
/* End XCConfigurationList section */
	};
	rootObject = C09377222BAB4FDE00DD53FB /* Project object */;
}
